// !$*UTF8*$!
{
	archiveVersion = 1;
	classes = {
	};
	objectVersion = 50;
	objects = {

/* Begin PBXBuildFile section */
		A428ED4B21F45CBE00FAEE5D /* Alert.swift in Sources */ = {isa = PBXBuildFile; fileRef = A428ED4A21F45CBE00FAEE5D /* Alert.swift */; };
		A43A605321F4838400D4E5E3 /* Recipe.swift in Sources */ = {isa = PBXBuildFile; fileRef = A43A605221F4838400D4E5E3 /* Recipe.swift */; };
		A443D71021F6BBD1007230E8 /* Favorite.swift in Sources */ = {isa = PBXBuildFile; fileRef = A443D70F21F6BBD1007230E8 /* Favorite.swift */; };
		A46A6B2921EAEEBA00DF6F92 /* Keys.plist in Resources */ = {isa = PBXBuildFile; fileRef = A46A6B2821EAEEBA00DF6F92 /* Keys.plist */; };
		A46A6B2B21EAEEF800DF6F92 /* Constants.swift in Sources */ = {isa = PBXBuildFile; fileRef = A46A6B2A21EAEEF800DF6F92 /* Constants.swift */; };
		A46A6B2D21EAF68500DF6F92 /* SearchResultsJSON.swift in Sources */ = {isa = PBXBuildFile; fileRef = A46A6B2C21EAF68500DF6F92 /* SearchResultsJSON.swift */; };
		A493D00121E3291E00CDB699 /* AppDelegate.swift in Sources */ = {isa = PBXBuildFile; fileRef = A493D00021E3291E00CDB699 /* AppDelegate.swift */; };
		A493D00621E3291E00CDB699 /* Main.storyboard in Resources */ = {isa = PBXBuildFile; fileRef = A493D00421E3291E00CDB699 /* Main.storyboard */; };
		A493D00921E3291E00CDB699 /* Reciplease.xcdatamodeld in Sources */ = {isa = PBXBuildFile; fileRef = A493D00721E3291E00CDB699 /* Reciplease.xcdatamodeld */; };
		A493D00B21E3292000CDB699 /* Assets.xcassets in Resources */ = {isa = PBXBuildFile; fileRef = A493D00A21E3292000CDB699 /* Assets.xcassets */; };
		A493D00E21E3292000CDB699 /* LaunchScreen.storyboard in Resources */ = {isa = PBXBuildFile; fileRef = A493D00C21E3292000CDB699 /* LaunchScreen.storyboard */; };
		A493D01921E3292000CDB699 /* RecipleaseTests.swift in Sources */ = {isa = PBXBuildFile; fileRef = A493D01821E3292000CDB699 /* RecipleaseTests.swift */; };
		A493D02D21E363F500CDB699 /* SearchService.swift in Sources */ = {isa = PBXBuildFile; fileRef = A493D02C21E363F500CDB699 /* SearchService.swift */; };
		A4A06E4321EEE89A00922A15 /* RecipeJSON.swift in Sources */ = {isa = PBXBuildFile; fileRef = A4A06E4221EEE89A00922A15 /* RecipeJSON.swift */; };
		A4A06E4721EF813700922A15 /* RecipeCell.xib in Resources */ = {isa = PBXBuildFile; fileRef = A4A06E4521EF813700922A15 /* RecipeCell.xib */; };
		A4A06E4A21EF8CAC00922A15 /* FavoriteViewController.swift in Sources */ = {isa = PBXBuildFile; fileRef = A4A06E4921EF8CAC00922A15 /* FavoriteViewController.swift */; };
		A4B3664221EDE29D005474D6 /* RecipeViewController.swift in Sources */ = {isa = PBXBuildFile; fileRef = A4B3664121EDE29D005474D6 /* RecipeViewController.swift */; };
		A4DA762521F832AF00719A1B /* SearchViewController.swift in Sources */ = {isa = PBXBuildFile; fileRef = A4DA762421F832AF00719A1B /* SearchViewController.swift */; };
		A4DA762721F8333600719A1B /* ResultsViewController.swift in Sources */ = {isa = PBXBuildFile; fileRef = A4DA762621F8333600719A1B /* ResultsViewController.swift */; };
		A4DA763121F9D63500719A1B /* Course.swift in Sources */ = {isa = PBXBuildFile; fileRef = A4DA763021F9D63400719A1B /* Course.swift */; };
		A4DA763321FAA0C400719A1B /* CoursesViewController.swift in Sources */ = {isa = PBXBuildFile; fileRef = A4DA763221FAA0C400719A1B /* CoursesViewController.swift */; };
		A4ED9C9F21E37537009BC6D5 /* CustomRecipeCell.swift in Sources */ = {isa = PBXBuildFile; fileRef = A4ED9C9E21E37537009BC6D5 /* CustomRecipeCell.swift */; };
		A4FCF2712208024C000959D6 /* CoreDataStack.swift in Sources */ = {isa = PBXBuildFile; fileRef = A4FCF2702208024C000959D6 /* CoreDataStack.swift */; };
		B2421BA7245F6E4F636A5362 /* Pods_Reciplease.framework in Frameworks */ = {isa = PBXBuildFile; fileRef = 55DD7FFF9B916466ACEDF90B /* Pods_Reciplease.framework */; };
		E99A7DB071916F27EEB76CC7 /* Pods_RecipleaseTests.framework in Frameworks */ = {isa = PBXBuildFile; fileRef = C51301E94EEA0CC504E88AB7 /* Pods_RecipleaseTests.framework */; };
/* End PBXBuildFile section */

/* Begin PBXContainerItemProxy section */
		A493D01521E3292000CDB699 /* PBXContainerItemProxy */ = {
			isa = PBXContainerItemProxy;
			containerPortal = A493CFF521E3291E00CDB699 /* Project object */;
			proxyType = 1;
			remoteGlobalIDString = A493CFFC21E3291E00CDB699;
			remoteInfo = Reciplease;
		};
/* End PBXContainerItemProxy section */

/* Begin PBXFileReference section */
		2C35C626B4C5D96E082749D5 /* Pods-Reciplease.debug.xcconfig */ = {isa = PBXFileReference; includeInIndex = 1; lastKnownFileType = text.xcconfig; name = "Pods-Reciplease.debug.xcconfig"; path = "Pods/Target Support Files/Pods-Reciplease/Pods-Reciplease.debug.xcconfig"; sourceTree = "<group>"; };
		2E96BE8E9523FFD6B5204607 /* Pods-RecipleaseTests.release.xcconfig */ = {isa = PBXFileReference; includeInIndex = 1; lastKnownFileType = text.xcconfig; name = "Pods-RecipleaseTests.release.xcconfig"; path = "Pods/Target Support Files/Pods-RecipleaseTests/Pods-RecipleaseTests.release.xcconfig"; sourceTree = "<group>"; };
		55DD7FFF9B916466ACEDF90B /* Pods_Reciplease.framework */ = {isa = PBXFileReference; explicitFileType = wrapper.framework; includeInIndex = 0; path = Pods_Reciplease.framework; sourceTree = BUILT_PRODUCTS_DIR; };
		7DEB4667292E898069AB6502 /* Pods-RecipleaseTests.debug.xcconfig */ = {isa = PBXFileReference; includeInIndex = 1; lastKnownFileType = text.xcconfig; name = "Pods-RecipleaseTests.debug.xcconfig"; path = "Pods/Target Support Files/Pods-RecipleaseTests/Pods-RecipleaseTests.debug.xcconfig"; sourceTree = "<group>"; };
		8961F34713893C4900393EC8 /* Pods-Reciplease.release.xcconfig */ = {isa = PBXFileReference; includeInIndex = 1; lastKnownFileType = text.xcconfig; name = "Pods-Reciplease.release.xcconfig"; path = "Pods/Target Support Files/Pods-Reciplease/Pods-Reciplease.release.xcconfig"; sourceTree = "<group>"; };
		A428ED4A21F45CBE00FAEE5D /* Alert.swift */ = {isa = PBXFileReference; lastKnownFileType = sourcecode.swift; path = Alert.swift; sourceTree = "<group>"; };
		A43A605221F4838400D4E5E3 /* Recipe.swift */ = {isa = PBXFileReference; lastKnownFileType = sourcecode.swift; path = Recipe.swift; sourceTree = "<group>"; };
		A443D70F21F6BBD1007230E8 /* Favorite.swift */ = {isa = PBXFileReference; lastKnownFileType = sourcecode.swift; path = Favorite.swift; sourceTree = "<group>"; };
		A46A6B2821EAEEBA00DF6F92 /* Keys.plist */ = {isa = PBXFileReference; lastKnownFileType = text.plist.xml; path = Keys.plist; sourceTree = "<group>"; };
		A46A6B2A21EAEEF800DF6F92 /* Constants.swift */ = {isa = PBXFileReference; lastKnownFileType = sourcecode.swift; path = Constants.swift; sourceTree = "<group>"; };
		A46A6B2C21EAF68500DF6F92 /* SearchResultsJSON.swift */ = {isa = PBXFileReference; lastKnownFileType = sourcecode.swift; path = SearchResultsJSON.swift; sourceTree = "<group>"; };
		A493CFFD21E3291E00CDB699 /* Reciplease.app */ = {isa = PBXFileReference; explicitFileType = wrapper.application; includeInIndex = 0; path = Reciplease.app; sourceTree = BUILT_PRODUCTS_DIR; };
		A493D00021E3291E00CDB699 /* AppDelegate.swift */ = {isa = PBXFileReference; lastKnownFileType = sourcecode.swift; path = AppDelegate.swift; sourceTree = "<group>"; };
		A493D00521E3291E00CDB699 /* Base */ = {isa = PBXFileReference; lastKnownFileType = file.storyboard; name = Base; path = Base.lproj/Main.storyboard; sourceTree = "<group>"; };
		A493D00821E3291E00CDB699 /* Reciplease.xcdatamodel */ = {isa = PBXFileReference; lastKnownFileType = wrapper.xcdatamodel; path = Reciplease.xcdatamodel; sourceTree = "<group>"; };
		A493D00A21E3292000CDB699 /* Assets.xcassets */ = {isa = PBXFileReference; lastKnownFileType = folder.assetcatalog; path = Assets.xcassets; sourceTree = "<group>"; };
		A493D00D21E3292000CDB699 /* Base */ = {isa = PBXFileReference; lastKnownFileType = file.storyboard; name = Base; path = Base.lproj/LaunchScreen.storyboard; sourceTree = "<group>"; };
		A493D00F21E3292000CDB699 /* Info.plist */ = {isa = PBXFileReference; lastKnownFileType = text.plist.xml; path = Info.plist; sourceTree = "<group>"; };
		A493D01421E3292000CDB699 /* RecipleaseTests.xctest */ = {isa = PBXFileReference; explicitFileType = wrapper.cfbundle; includeInIndex = 0; path = RecipleaseTests.xctest; sourceTree = BUILT_PRODUCTS_DIR; };
		A493D01821E3292000CDB699 /* RecipleaseTests.swift */ = {isa = PBXFileReference; lastKnownFileType = sourcecode.swift; path = RecipleaseTests.swift; sourceTree = "<group>"; };
		A493D01A21E3292000CDB699 /* Info.plist */ = {isa = PBXFileReference; lastKnownFileType = text.plist.xml; path = Info.plist; sourceTree = "<group>"; };
		A493D02C21E363F500CDB699 /* SearchService.swift */ = {isa = PBXFileReference; lastKnownFileType = sourcecode.swift; path = SearchService.swift; sourceTree = "<group>"; };
		A4A06E4221EEE89A00922A15 /* RecipeJSON.swift */ = {isa = PBXFileReference; lastKnownFileType = sourcecode.swift; path = RecipeJSON.swift; sourceTree = "<group>"; };
		A4A06E4521EF813700922A15 /* RecipeCell.xib */ = {isa = PBXFileReference; lastKnownFileType = file.xib; path = RecipeCell.xib; sourceTree = "<group>"; };
		A4A06E4921EF8CAC00922A15 /* FavoriteViewController.swift */ = {isa = PBXFileReference; lastKnownFileType = sourcecode.swift; name = FavoriteViewController.swift; path = /Users/guillaumeramey/Projects/Reciplease/Reciplease/Controller/FavoriteViewController.swift; sourceTree = "<absolute>"; };
		A4A6E9B821F6F4A500DBAA66 /* Base.lproj */ = {isa = PBXFileReference; lastKnownFileType = folder; name = Base.lproj; path = /Users/guillaumeramey/Projects/Reciplease/Reciplease/View/Base.lproj; sourceTree = "<absolute>"; };
		A4B3664121EDE29D005474D6 /* RecipeViewController.swift */ = {isa = PBXFileReference; lastKnownFileType = sourcecode.swift; path = RecipeViewController.swift; sourceTree = "<group>"; };
		A4DA762421F832AF00719A1B /* SearchViewController.swift */ = {isa = PBXFileReference; lastKnownFileType = sourcecode.swift; path = SearchViewController.swift; sourceTree = "<group>"; };
		A4DA762621F8333600719A1B /* ResultsViewController.swift */ = {isa = PBXFileReference; lastKnownFileType = sourcecode.swift; path = ResultsViewController.swift; sourceTree = "<group>"; };
		A4DA763021F9D63400719A1B /* Course.swift */ = {isa = PBXFileReference; lastKnownFileType = sourcecode.swift; path = Course.swift; sourceTree = "<group>"; };
		A4DA763221FAA0C400719A1B /* CoursesViewController.swift */ = {isa = PBXFileReference; lastKnownFileType = sourcecode.swift; path = CoursesViewController.swift; sourceTree = "<group>"; };
		A4ED9C9E21E37537009BC6D5 /* CustomRecipeCell.swift */ = {isa = PBXFileReference; lastKnownFileType = sourcecode.swift; path = CustomRecipeCell.swift; sourceTree = "<group>"; };
		A4FCF2702208024C000959D6 /* CoreDataStack.swift */ = {isa = PBXFileReference; lastKnownFileType = sourcecode.swift; path = CoreDataStack.swift; sourceTree = "<group>"; };
		C51301E94EEA0CC504E88AB7 /* Pods_RecipleaseTests.framework */ = {isa = PBXFileReference; explicitFileType = wrapper.framework; includeInIndex = 0; path = Pods_RecipleaseTests.framework; sourceTree = BUILT_PRODUCTS_DIR; };
/* End PBXFileReference section */

/* Begin PBXFrameworksBuildPhase section */
		A493CFFA21E3291E00CDB699 /* Frameworks */ = {
			isa = PBXFrameworksBuildPhase;
			buildActionMask = 2147483647;
			files = (
				B2421BA7245F6E4F636A5362 /* Pods_Reciplease.framework in Frameworks */,
			);
			runOnlyForDeploymentPostprocessing = 0;
		};
		A493D01121E3292000CDB699 /* Frameworks */ = {
			isa = PBXFrameworksBuildPhase;
			buildActionMask = 2147483647;
			files = (
				E99A7DB071916F27EEB76CC7 /* Pods_RecipleaseTests.framework in Frameworks */,
			);
			runOnlyForDeploymentPostprocessing = 0;
		};
/* End PBXFrameworksBuildPhase section */

/* Begin PBXGroup section */
		051D14E96774CDFF74BFDFEC /* Frameworks */ = {
			isa = PBXGroup;
			children = (
				55DD7FFF9B916466ACEDF90B /* Pods_Reciplease.framework */,
				C51301E94EEA0CC504E88AB7 /* Pods_RecipleaseTests.framework */,
			);
			name = Frameworks;
			sourceTree = "<group>";
		};
		A493CFF421E3291E00CDB699 = {
			isa = PBXGroup;
			children = (
				A493CFFF21E3291E00CDB699 /* Reciplease */,
				A493D01721E3292000CDB699 /* RecipleaseTests */,
				A493CFFE21E3291E00CDB699 /* Products */,
				AF1B7C5384ED6DC2ECF2026B /* Pods */,
				051D14E96774CDFF74BFDFEC /* Frameworks */,
			);
			sourceTree = "<group>";
		};
		A493CFFE21E3291E00CDB699 /* Products */ = {
			isa = PBXGroup;
			children = (
				A493CFFD21E3291E00CDB699 /* Reciplease.app */,
				A493D01421E3292000CDB699 /* RecipleaseTests.xctest */,
			);
			name = Products;
			sourceTree = "<group>";
		};
		A493CFFF21E3291E00CDB699 /* Reciplease */ = {
			isa = PBXGroup;
			children = (
				A493D00021E3291E00CDB699 /* AppDelegate.swift */,
				A493D00F21E3292000CDB699 /* Info.plist */,
				A46A6B2821EAEEBA00DF6F92 /* Keys.plist */,
				A4A8390F21E370B900494EC1 /* Model */,
				A493D02521E3353000CDB699 /* Controller */,
				A4A06E4821EF87F400922A15 /* View */,
			);
			path = Reciplease;
			sourceTree = "<group>";
		};
		A493D01721E3292000CDB699 /* RecipleaseTests */ = {
			isa = PBXGroup;
			children = (
				A493D01821E3292000CDB699 /* RecipleaseTests.swift */,
				A493D01A21E3292000CDB699 /* Info.plist */,
			);
			path = RecipleaseTests;
			sourceTree = "<group>";
		};
		A493D02521E3353000CDB699 /* Controller */ = {
			isa = PBXGroup;
			children = (
				A4A06E4921EF8CAC00922A15 /* FavoriteViewController.swift */,
				A4DA762421F832AF00719A1B /* SearchViewController.swift */,
				A4DA762621F8333600719A1B /* ResultsViewController.swift */,
				A4B3664121EDE29D005474D6 /* RecipeViewController.swift */,
				A4ED9C9E21E37537009BC6D5 /* CustomRecipeCell.swift */,
				A4DA763221FAA0C400719A1B /* CoursesViewController.swift */,
			);
			path = Controller;
			sourceTree = "<group>";
		};
		A4A06E4821EF87F400922A15 /* View */ = {
			isa = PBXGroup;
			children = (
				A493D00A21E3292000CDB699 /* Assets.xcassets */,
				A4A6E9B821F6F4A500DBAA66 /* Base.lproj */,
				A493D00C21E3292000CDB699 /* LaunchScreen.storyboard */,
				A493D00421E3291E00CDB699 /* Main.storyboard */,
				A4A06E4521EF813700922A15 /* RecipeCell.xib */,
			);
			path = View;
			sourceTree = "<group>";
		};
		A4A8390F21E370B900494EC1 /* Model */ = {
			isa = PBXGroup;
			children = (
				A428ED4A21F45CBE00FAEE5D /* Alert.swift */,
				A46A6B2A21EAEEF800DF6F92 /* Constants.swift */,
				A493D00721E3291E00CDB699 /* Reciplease.xcdatamodeld */,
				A493D02C21E363F500CDB699 /* SearchService.swift */,
				A4A06E4221EEE89A00922A15 /* RecipeJSON.swift */,
				A46A6B2C21EAF68500DF6F92 /* SearchResultsJSON.swift */,
				A43A605221F4838400D4E5E3 /* Recipe.swift */,
				A443D70F21F6BBD1007230E8 /* Favorite.swift */,
				A4DA763021F9D63400719A1B /* Course.swift */,
				A4FCF2702208024C000959D6 /* CoreDataStack.swift */,
			);
			path = Model;
			sourceTree = "<group>";
		};
		AF1B7C5384ED6DC2ECF2026B /* Pods */ = {
			isa = PBXGroup;
			children = (
				2C35C626B4C5D96E082749D5 /* Pods-Reciplease.debug.xcconfig */,
				8961F34713893C4900393EC8 /* Pods-Reciplease.release.xcconfig */,
				7DEB4667292E898069AB6502 /* Pods-RecipleaseTests.debug.xcconfig */,
				2E96BE8E9523FFD6B5204607 /* Pods-RecipleaseTests.release.xcconfig */,
			);
			name = Pods;
			sourceTree = "<group>";
		};
/* End PBXGroup section */

/* Begin PBXNativeTarget section */
		A493CFFC21E3291E00CDB699 /* Reciplease */ = {
			isa = PBXNativeTarget;
			buildConfigurationList = A493D01D21E3292000CDB699 /* Build configuration list for PBXNativeTarget "Reciplease" */;
			buildPhases = (
				C83D1134BE3DDDCDEC2DF0B0 /* [CP] Check Pods Manifest.lock */,
				A493CFF921E3291E00CDB699 /* Sources */,
				A493CFFA21E3291E00CDB699 /* Frameworks */,
				A493CFFB21E3291E00CDB699 /* Resources */,
				CB0406DE0C7958EF8AB77093 /* [CP] Embed Pods Frameworks */,
			);
			buildRules = (
			);
			dependencies = (
			);
			name = Reciplease;
			productName = Reciplease;
			productReference = A493CFFD21E3291E00CDB699 /* Reciplease.app */;
			productType = "com.apple.product-type.application";
		};
		A493D01321E3292000CDB699 /* RecipleaseTests */ = {
			isa = PBXNativeTarget;
			buildConfigurationList = A493D02021E3292000CDB699 /* Build configuration list for PBXNativeTarget "RecipleaseTests" */;
			buildPhases = (
				2A646232F56E58706DD3DA88 /* [CP] Check Pods Manifest.lock */,
				A493D01021E3292000CDB699 /* Sources */,
				A493D01121E3292000CDB699 /* Frameworks */,
				A493D01221E3292000CDB699 /* Resources */,
			);
			buildRules = (
			);
			dependencies = (
				A493D01621E3292000CDB699 /* PBXTargetDependency */,
			);
			name = RecipleaseTests;
			productName = RecipleaseTests;
			productReference = A493D01421E3292000CDB699 /* RecipleaseTests.xctest */;
			productType = "com.apple.product-type.bundle.unit-test";
		};
/* End PBXNativeTarget section */

/* Begin PBXProject section */
		A493CFF521E3291E00CDB699 /* Project object */ = {
			isa = PBXProject;
			attributes = {
				LastSwiftUpdateCheck = 1010;
				LastUpgradeCheck = 1010;
				ORGANIZATIONNAME = "Guillaume Ramey";
				TargetAttributes = {
					A493CFFC21E3291E00CDB699 = {
						CreatedOnToolsVersion = 10.1;
					};
					A493D01321E3292000CDB699 = {
						CreatedOnToolsVersion = 10.1;
						TestTargetID = A493CFFC21E3291E00CDB699;
					};
				};
			};
			buildConfigurationList = A493CFF821E3291E00CDB699 /* Build configuration list for PBXProject "Reciplease" */;
			compatibilityVersion = "Xcode 9.3";
			developmentRegion = en;
			hasScannedForEncodings = 0;
			knownRegions = (
				en,
				Base,
			);
			mainGroup = A493CFF421E3291E00CDB699;
			productRefGroup = A493CFFE21E3291E00CDB699 /* Products */;
			projectDirPath = "";
			projectRoot = "";
			targets = (
				A493CFFC21E3291E00CDB699 /* Reciplease */,
				A493D01321E3292000CDB699 /* RecipleaseTests */,
			);
		};
/* End PBXProject section */

/* Begin PBXResourcesBuildPhase section */
		A493CFFB21E3291E00CDB699 /* Resources */ = {
			isa = PBXResourcesBuildPhase;
			buildActionMask = 2147483647;
			files = (
				A46A6B2921EAEEBA00DF6F92 /* Keys.plist in Resources */,
				A493D00E21E3292000CDB699 /* LaunchScreen.storyboard in Resources */,
				A4A06E4721EF813700922A15 /* RecipeCell.xib in Resources */,
				A493D00B21E3292000CDB699 /* Assets.xcassets in Resources */,
				A493D00621E3291E00CDB699 /* Main.storyboard in Resources */,
			);
			runOnlyForDeploymentPostprocessing = 0;
		};
		A493D01221E3292000CDB699 /* Resources */ = {
			isa = PBXResourcesBuildPhase;
			buildActionMask = 2147483647;
			files = (
			);
			runOnlyForDeploymentPostprocessing = 0;
		};
/* End PBXResourcesBuildPhase section */

/* Begin PBXShellScriptBuildPhase section */
		2A646232F56E58706DD3DA88 /* [CP] Check Pods Manifest.lock */ = {
			isa = PBXShellScriptBuildPhase;
			buildActionMask = 2147483647;
			files = (
			);
			inputFileListPaths = (
			);
			inputPaths = (
				"${PODS_PODFILE_DIR_PATH}/Podfile.lock",
				"${PODS_ROOT}/Manifest.lock",
			);
			name = "[CP] Check Pods Manifest.lock";
			outputFileListPaths = (
			);
			outputPaths = (
				"$(DERIVED_FILE_DIR)/Pods-RecipleaseTests-checkManifestLockResult.txt",
			);
			runOnlyForDeploymentPostprocessing = 0;
			shellPath = /bin/sh;
			shellScript = "diff \"${PODS_PODFILE_DIR_PATH}/Podfile.lock\" \"${PODS_ROOT}/Manifest.lock\" > /dev/null\nif [ $? != 0 ] ; then\n    # print error to STDERR\n    echo \"error: The sandbox is not in sync with the Podfile.lock. Run 'pod install' or update your CocoaPods installation.\" >&2\n    exit 1\nfi\n# This output is used by Xcode 'outputs' to avoid re-running this script phase.\necho \"SUCCESS\" > \"${SCRIPT_OUTPUT_FILE_0}\"\n";
			showEnvVarsInLog = 0;
		};
		C83D1134BE3DDDCDEC2DF0B0 /* [CP] Check Pods Manifest.lock */ = {
			isa = PBXShellScriptBuildPhase;
			buildActionMask = 2147483647;
			files = (
			);
			inputFileListPaths = (
			);
			inputPaths = (
				"${PODS_PODFILE_DIR_PATH}/Podfile.lock",
				"${PODS_ROOT}/Manifest.lock",
			);
			name = "[CP] Check Pods Manifest.lock";
			outputFileListPaths = (
			);
			outputPaths = (
				"$(DERIVED_FILE_DIR)/Pods-Reciplease-checkManifestLockResult.txt",
			);
			runOnlyForDeploymentPostprocessing = 0;
			shellPath = /bin/sh;
			shellScript = "diff \"${PODS_PODFILE_DIR_PATH}/Podfile.lock\" \"${PODS_ROOT}/Manifest.lock\" > /dev/null\nif [ $? != 0 ] ; then\n    # print error to STDERR\n    echo \"error: The sandbox is not in sync with the Podfile.lock. Run 'pod install' or update your CocoaPods installation.\" >&2\n    exit 1\nfi\n# This output is used by Xcode 'outputs' to avoid re-running this script phase.\necho \"SUCCESS\" > \"${SCRIPT_OUTPUT_FILE_0}\"\n";
			showEnvVarsInLog = 0;
		};
		CB0406DE0C7958EF8AB77093 /* [CP] Embed Pods Frameworks */ = {
			isa = PBXShellScriptBuildPhase;
			buildActionMask = 2147483647;
			files = (
			);
			inputFileListPaths = (
			);
			inputPaths = (
				"${SRCROOT}/Pods/Target Support Files/Pods-Reciplease/Pods-Reciplease-frameworks.sh",
				"${BUILT_PRODUCTS_DIR}/Alamofire/Alamofire.framework",
			);
			name = "[CP] Embed Pods Frameworks";
			outputFileListPaths = (
			);
			outputPaths = (
				"${TARGET_BUILD_DIR}/${FRAMEWORKS_FOLDER_PATH}/Alamofire.framework",
			);
			runOnlyForDeploymentPostprocessing = 0;
			shellPath = /bin/sh;
			shellScript = "\"${SRCROOT}/Pods/Target Support Files/Pods-Reciplease/Pods-Reciplease-frameworks.sh\"\n";
			showEnvVarsInLog = 0;
		};
/* End PBXShellScriptBuildPhase section */

/* Begin PBXSourcesBuildPhase section */
		A493CFF921E3291E00CDB699 /* Sources */ = {
			isa = PBXSourcesBuildPhase;
			buildActionMask = 2147483647;
			files = (
				A4DA762521F832AF00719A1B /* SearchViewController.swift in Sources */,
				A443D71021F6BBD1007230E8 /* Favorite.swift in Sources */,
				A46A6B2B21EAEEF800DF6F92 /* Constants.swift in Sources */,
				A493D00921E3291E00CDB699 /* Reciplease.xcdatamodeld in Sources */,
				A493D00121E3291E00CDB699 /* AppDelegate.swift in Sources */,
				A4ED9C9F21E37537009BC6D5 /* CustomRecipeCell.swift in Sources */,
				A428ED4B21F45CBE00FAEE5D /* Alert.swift in Sources */,
				A4DA762721F8333600719A1B /* ResultsViewController.swift in Sources */,
				A4B3664221EDE29D005474D6 /* RecipeViewController.swift in Sources */,
				A4DA763321FAA0C400719A1B /* CoursesViewController.swift in Sources */,
				A493D02D21E363F500CDB699 /* SearchService.swift in Sources */,
				A43A605321F4838400D4E5E3 /* Recipe.swift in Sources */,
				A4FCF2712208024C000959D6 /* CoreDataStack.swift in Sources */,
				A4A06E4321EEE89A00922A15 /* RecipeJSON.swift in Sources */,
				A4DA763121F9D63500719A1B /* Course.swift in Sources */,
				A46A6B2D21EAF68500DF6F92 /* SearchResultsJSON.swift in Sources */,
				A4A06E4A21EF8CAC00922A15 /* FavoriteViewController.swift in Sources */,
			);
			runOnlyForDeploymentPostprocessing = 0;
		};
		A493D01021E3292000CDB699 /* Sources */ = {
			isa = PBXSourcesBuildPhase;
			buildActionMask = 2147483647;
			files = (
				A493D01921E3292000CDB699 /* RecipleaseTests.swift in Sources */,
			);
			runOnlyForDeploymentPostprocessing = 0;
		};
/* End PBXSourcesBuildPhase section */

/* Begin PBXTargetDependency section */
		A493D01621E3292000CDB699 /* PBXTargetDependency */ = {
			isa = PBXTargetDependency;
			target = A493CFFC21E3291E00CDB699 /* Reciplease */;
			targetProxy = A493D01521E3292000CDB699 /* PBXContainerItemProxy */;
		};
/* End PBXTargetDependency section */

/* Begin PBXVariantGroup section */
		A493D00421E3291E00CDB699 /* Main.storyboard */ = {
			isa = PBXVariantGroup;
			children = (
				A493D00521E3291E00CDB699 /* Base */,
			);
			name = Main.storyboard;
			sourceTree = "<group>";
		};
		A493D00C21E3292000CDB699 /* LaunchScreen.storyboard */ = {
			isa = PBXVariantGroup;
			children = (
				A493D00D21E3292000CDB699 /* Base */,
			);
			name = LaunchScreen.storyboard;
			sourceTree = "<group>";
		};
/* End PBXVariantGroup section */

/* Begin XCBuildConfiguration section */
		A493D01B21E3292000CDB699 /* Debug */ = {
			isa = XCBuildConfiguration;
			buildSettings = {
				ALWAYS_SEARCH_USER_PATHS = NO;
				CLANG_ANALYZER_NONNULL = YES;
				CLANG_ANALYZER_NUMBER_OBJECT_CONVERSION = YES_AGGRESSIVE;
				CLANG_CXX_LANGUAGE_STANDARD = "gnu++14";
				CLANG_CXX_LIBRARY = "libc++";
				CLANG_ENABLE_MODULES = YES;
				CLANG_ENABLE_OBJC_ARC = YES;
				CLANG_ENABLE_OBJC_WEAK = YES;
				CLANG_WARN_BLOCK_CAPTURE_AUTORELEASING = YES;
				CLANG_WARN_BOOL_CONVERSION = YES;
				CLANG_WARN_COMMA = YES;
				CLANG_WARN_CONSTANT_CONVERSION = YES;
				CLANG_WARN_DEPRECATED_OBJC_IMPLEMENTATIONS = YES;
				CLANG_WARN_DIRECT_OBJC_ISA_USAGE = YES_ERROR;
				CLANG_WARN_DOCUMENTATION_COMMENTS = YES;
				CLANG_WARN_EMPTY_BODY = YES;
				CLANG_WARN_ENUM_CONVERSION = YES;
				CLANG_WARN_INFINITE_RECURSION = YES;
				CLANG_WARN_INT_CONVERSION = YES;
				CLANG_WARN_NON_LITERAL_NULL_CONVERSION = YES;
				CLANG_WARN_OBJC_IMPLICIT_RETAIN_SELF = YES;
				CLANG_WARN_OBJC_LITERAL_CONVERSION = YES;
				CLANG_WARN_OBJC_ROOT_CLASS = YES_ERROR;
				CLANG_WARN_RANGE_LOOP_ANALYSIS = YES;
				CLANG_WARN_STRICT_PROTOTYPES = YES;
				CLANG_WARN_SUSPICIOUS_MOVE = YES;
				CLANG_WARN_UNGUARDED_AVAILABILITY = YES_AGGRESSIVE;
				CLANG_WARN_UNREACHABLE_CODE = YES;
				CLANG_WARN__DUPLICATE_METHOD_MATCH = YES;
				CODE_SIGN_IDENTITY = "iPhone Developer";
				COPY_PHASE_STRIP = NO;
				DEBUG_INFORMATION_FORMAT = dwarf;
				ENABLE_STRICT_OBJC_MSGSEND = YES;
				ENABLE_TESTABILITY = YES;
				GCC_C_LANGUAGE_STANDARD = gnu11;
				GCC_DYNAMIC_NO_PIC = NO;
				GCC_NO_COMMON_BLOCKS = YES;
				GCC_OPTIMIZATION_LEVEL = 0;
				GCC_PREPROCESSOR_DEFINITIONS = (
					"DEBUG=1",
					"$(inherited)",
				);
				GCC_WARN_64_TO_32_BIT_CONVERSION = YES;
				GCC_WARN_ABOUT_RETURN_TYPE = YES_ERROR;
				GCC_WARN_UNDECLARED_SELECTOR = YES;
				GCC_WARN_UNINITIALIZED_AUTOS = YES_AGGRESSIVE;
				GCC_WARN_UNUSED_FUNCTION = YES;
				GCC_WARN_UNUSED_VARIABLE = YES;
				IPHONEOS_DEPLOYMENT_TARGET = 11.0;
				MTL_ENABLE_DEBUG_INFO = INCLUDE_SOURCE;
				MTL_FAST_MATH = YES;
				ONLY_ACTIVE_ARCH = YES;
				SDKROOT = iphoneos;
				SWIFT_ACTIVE_COMPILATION_CONDITIONS = DEBUG;
				SWIFT_OPTIMIZATION_LEVEL = "-Onone";
			};
			name = Debug;
		};
		A493D01C21E3292000CDB699 /* Release */ = {
			isa = XCBuildConfiguration;
			buildSettings = {
				ALWAYS_SEARCH_USER_PATHS = NO;
				CLANG_ANALYZER_NONNULL = YES;
				CLANG_ANALYZER_NUMBER_OBJECT_CONVERSION = YES_AGGRESSIVE;
				CLANG_CXX_LANGUAGE_STANDARD = "gnu++14";
				CLANG_CXX_LIBRARY = "libc++";
				CLANG_ENABLE_MODULES = YES;
				CLANG_ENABLE_OBJC_ARC = YES;
				CLANG_ENABLE_OBJC_WEAK = YES;
				CLANG_WARN_BLOCK_CAPTURE_AUTORELEASING = YES;
				CLANG_WARN_BOOL_CONVERSION = YES;
				CLANG_WARN_COMMA = YES;
				CLANG_WARN_CONSTANT_CONVERSION = YES;
				CLANG_WARN_DEPRECATED_OBJC_IMPLEMENTATIONS = YES;
				CLANG_WARN_DIRECT_OBJC_ISA_USAGE = YES_ERROR;
				CLANG_WARN_DOCUMENTATION_COMMENTS = YES;
				CLANG_WARN_EMPTY_BODY = YES;
				CLANG_WARN_ENUM_CONVERSION = YES;
				CLANG_WARN_INFINITE_RECURSION = YES;
				CLANG_WARN_INT_CONVERSION = YES;
				CLANG_WARN_NON_LITERAL_NULL_CONVERSION = YES;
				CLANG_WARN_OBJC_IMPLICIT_RETAIN_SELF = YES;
				CLANG_WARN_OBJC_LITERAL_CONVERSION = YES;
				CLANG_WARN_OBJC_ROOT_CLASS = YES_ERROR;
				CLANG_WARN_RANGE_LOOP_ANALYSIS = YES;
				CLANG_WARN_STRICT_PROTOTYPES = YES;
				CLANG_WARN_SUSPICIOUS_MOVE = YES;
				CLANG_WARN_UNGUARDED_AVAILABILITY = YES_AGGRESSIVE;
				CLANG_WARN_UNREACHABLE_CODE = YES;
				CLANG_WARN__DUPLICATE_METHOD_MATCH = YES;
				CODE_SIGN_IDENTITY = "iPhone Developer";
				COPY_PHASE_STRIP = NO;
				DEBUG_INFORMATION_FORMAT = "dwarf-with-dsym";
				ENABLE_NS_ASSERTIONS = NO;
				ENABLE_STRICT_OBJC_MSGSEND = YES;
				GCC_C_LANGUAGE_STANDARD = gnu11;
				GCC_NO_COMMON_BLOCKS = YES;
				GCC_WARN_64_TO_32_BIT_CONVERSION = YES;
				GCC_WARN_ABOUT_RETURN_TYPE = YES_ERROR;
				GCC_WARN_UNDECLARED_SELECTOR = YES;
				GCC_WARN_UNINITIALIZED_AUTOS = YES_AGGRESSIVE;
				GCC_WARN_UNUSED_FUNCTION = YES;
				GCC_WARN_UNUSED_VARIABLE = YES;
				IPHONEOS_DEPLOYMENT_TARGET = 11.0;
				MTL_ENABLE_DEBUG_INFO = NO;
				MTL_FAST_MATH = YES;
				SDKROOT = iphoneos;
				SWIFT_COMPILATION_MODE = wholemodule;
				SWIFT_OPTIMIZATION_LEVEL = "-O";
				VALIDATE_PRODUCT = YES;
			};
			name = Release;
		};
		A493D01E21E3292000CDB699 /* Debug */ = {
			isa = XCBuildConfiguration;
			baseConfigurationReference = 2C35C626B4C5D96E082749D5 /* Pods-Reciplease.debug.xcconfig */;
			buildSettings = {
				ASSETCATALOG_COMPILER_APPICON_NAME = AppIcon;
				CODE_SIGN_STYLE = Automatic;
				DEVELOPMENT_TEAM = A53F8H373H;
				INFOPLIST_FILE = Reciplease/Info.plist;
				IPHONEOS_DEPLOYMENT_TARGET = 11.0;
				LD_RUNPATH_SEARCH_PATHS = (
					"$(inherited)",
					"@executable_path/Frameworks",
				);
				PRODUCT_BUNDLE_IDENTIFIER = com.GRapps.Reciplease;
				PRODUCT_NAME = "$(TARGET_NAME)";
				SWIFT_VERSION = 4.2;
				TARGETED_DEVICE_FAMILY = "1,2";
			};
			name = Debug;
		};
		A493D01F21E3292000CDB699 /* Release */ = {
			isa = XCBuildConfiguration;
			baseConfigurationReference = 8961F34713893C4900393EC8 /* Pods-Reciplease.release.xcconfig */;
			buildSettings = {
				ASSETCATALOG_COMPILER_APPICON_NAME = AppIcon;
				CODE_SIGN_STYLE = Automatic;
				DEVELOPMENT_TEAM = A53F8H373H;
				INFOPLIST_FILE = Reciplease/Info.plist;
				IPHONEOS_DEPLOYMENT_TARGET = 11.0;
				LD_RUNPATH_SEARCH_PATHS = (
					"$(inherited)",
					"@executable_path/Frameworks",
				);
				PRODUCT_BUNDLE_IDENTIFIER = com.GRapps.Reciplease;
				PRODUCT_NAME = "$(TARGET_NAME)";
				SWIFT_VERSION = 4.2;
				TARGETED_DEVICE_FAMILY = "1,2";
			};
			name = Release;
		};
		A493D02121E3292000CDB699 /* Debug */ = {
			isa = XCBuildConfiguration;
			baseConfigurationReference = 7DEB4667292E898069AB6502 /* Pods-RecipleaseTests.debug.xcconfig */;
			buildSettings = {
				ALWAYS_EMBED_SWIFT_STANDARD_LIBRARIES = YES;
				BUNDLE_LOADER = "$(TEST_HOST)";
				CODE_SIGN_STYLE = Automatic;
				DEVELOPMENT_TEAM = A53F8H373H;
				INFOPLIST_FILE = RecipleaseTests/Info.plist;
				LD_RUNPATH_SEARCH_PATHS = (
					"$(inherited)",
					"@executable_path/Frameworks",
					"@loader_path/Frameworks",
				);
				PRODUCT_BUNDLE_IDENTIFIER = com.GRapps.RecipleaseTests;
				PRODUCT_NAME = "$(TARGET_NAME)";
				SWIFT_VERSION = 4.2;
				TARGETED_DEVICE_FAMILY = "1,2";
				TEST_HOST = "$(BUILT_PRODUCTS_DIR)/Reciplease.app/Reciplease";
			};
			name = Debug;
		};
		A493D02221E3292000CDB699 /* Release */ = {
			isa = XCBuildConfiguration;
			baseConfigurationReference = 2E96BE8E9523FFD6B5204607 /* Pods-RecipleaseTests.release.xcconfig */;
			buildSettings = {
				ALWAYS_EMBED_SWIFT_STANDARD_LIBRARIES = YES;
				BUNDLE_LOADER = "$(TEST_HOST)";
				CODE_SIGN_STYLE = Automatic;
				DEVELOPMENT_TEAM = A53F8H373H;
				INFOPLIST_FILE = RecipleaseTests/Info.plist;
				LD_RUNPATH_SEARCH_PATHS = (
					"$(inherited)",
					"@executable_path/Frameworks",
					"@loader_path/Frameworks",
				);
				PRODUCT_BUNDLE_IDENTIFIER = com.GRapps.RecipleaseTests;
				PRODUCT_NAME = "$(TARGET_NAME)";
				SWIFT_VERSION = 4.2;
				TARGETED_DEVICE_FAMILY = "1,2";
				TEST_HOST = "$(BUILT_PRODUCTS_DIR)/Reciplease.app/Reciplease";
			};
			name = Release;
		};
/* End XCBuildConfiguration section */

/* Begin XCConfigurationList section */
		A493CFF821E3291E00CDB699 /* Build configuration list for PBXProject "Reciplease" */ = {
			isa = XCConfigurationList;
			buildConfigurations = (
				A493D01B21E3292000CDB699 /* Debug */,
				A493D01C21E3292000CDB699 /* Release */,
			);
			defaultConfigurationIsVisible = 0;
			defaultConfigurationName = Release;
		};
		A493D01D21E3292000CDB699 /* Build configuration list for PBXNativeTarget "Reciplease" */ = {
			isa = XCConfigurationList;
			buildConfigurations = (
				A493D01E21E3292000CDB699 /* Debug */,
				A493D01F21E3292000CDB699 /* Release */,
			);
			defaultConfigurationIsVisible = 0;
			defaultConfigurationName = Release;
		};
		A493D02021E3292000CDB699 /* Build configuration list for PBXNativeTarget "RecipleaseTests" */ = {
			isa = XCConfigurationList;
			buildConfigurations = (
				A493D02121E3292000CDB699 /* Debug */,
				A493D02221E3292000CDB699 /* Release */,
			);
			defaultConfigurationIsVisible = 0;
			defaultConfigurationName = Release;
		};
/* End XCConfigurationList section */

/* Begin XCVersionGroup section */
		A493D00721E3291E00CDB699 /* Reciplease.xcdatamodeld */ = {
			isa = XCVersionGroup;
			children = (
				A493D00821E3291E00CDB699 /* Reciplease.xcdatamodel */,
			);
			currentVersion = A493D00821E3291E00CDB699 /* Reciplease.xcdatamodel */;
			path = Reciplease.xcdatamodeld;
			sourceTree = "<group>";
			versionGroupType = wrapper.xcdatamodel;
		};
/* End XCVersionGroup section */
	};
	rootObject = A493CFF521E3291E00CDB699 /* Project object */;
}
